
Microsoft Visual Studio Solution File, Format Version 12.00
# Visual Studio Version 17
VisualStudioVersion = 17.7.34031.279
MinimumVisualStudioVersion = 10.0.40219.1
Project("{FAE04EC0-301F-11D3-BF4B-00C04F79EFBC}") = "Note_Taker", "Note_Taker\Note_Taker.csproj", "{C2BC7681-15DF-476D-B4C3-B5551596EB28}"
EndProject
Global
	GlobalSection(SolutionConfigurationPlatforms) = preSolution
		Debug|Any CPU = Debug|Any CPU
		Release|Any CPU = Release|Any CPU
	EndGlobalSection
	GlobalSection(ProjectConfigurationPlatforms) = postSolution
		{C2BC7681-15DF-476D-B4C3-B5551596EB28}.Debug|Any CPU.ActiveCfg = Debug|Any CPU
		{C2BC7681-15DF-476D-B4C3-B5551596EB28}.Debug|Any CPU.Build.0 = Debug|Any CPU
		{C2BC7681-15DF-476D-B4C3-B5551596EB28}.Release|Any CPU.ActiveCfg = Release|Any CPU
		{C2BC7681-15DF-476D-B4C3-B5551596EB28}.Release|Any CPU.Build.0 = Release|Any CPU
	EndGlobalSection
	GlobalSection(SolutionProperties) = preSolution
		HideSolutionNode = FALSE
	EndGlobalSection
	GlobalSection(ExtensibilityGlobals) = postSolution
		SolutionGuid = {CC47806C-00DB-409C-BF74-F94BDC5E7DFA}
	EndGlobalSection
EndGlobal
